
Microsoft Visual Studio Solution File, Format Version 12.00
# Visual Studio Version 16
VisualStudioVersion = 16.0.31321.278
MinimumVisualStudioVersion = 10.0.40219.1
Project("{FAE04EC0-301F-11D3-BF4B-00C04F79EFBC}") = "Methods_Upton_Zach", "Methods_Upton_Zach\Methods_Upton_Zach.csproj", "{FDA1CAF0-CAF9-4F1D-83AF-BBA9CE71FB4D}"
EndProject
Global
	GlobalSection(SolutionConfigurationPlatforms) = preSolution
		Debug|Any CPU = Debug|Any CPU
		Release|Any CPU = Release|Any CPU
	EndGlobalSection
	GlobalSection(ProjectConfigurationPlatforms) = postSolution
		{FDA1CAF0-CAF9-4F1D-83AF-BBA9CE71FB4D}.Debug|Any CPU.ActiveCfg = Debug|Any CPU
		{FDA1CAF0-CAF9-4F1D-83AF-BBA9CE71FB4D}.Debug|Any CPU.Build.0 = Debug|Any CPU
		{FDA1CAF0-CAF9-4F1D-83AF-BBA9CE71FB4D}.Release|Any CPU.ActiveCfg = Release|Any CPU
		{FDA1CAF0-CAF9-4F1D-83AF-BBA9CE71FB4D}.Release|Any CPU.Build.0 = Release|Any CPU
	EndGlobalSection
	GlobalSection(SolutionProperties) = preSolution
		HideSolutionNode = FALSE
	EndGlobalSection
	GlobalSection(ExtensibilityGlobals) = postSolution
		SolutionGuid = {88BF5407-2F43-42F0-A7E5-51FAC867157B}
	EndGlobalSection
EndGlobal
